// !$*UTF8*$!
{
	archiveVersion = 1;
	classes = {
	};
	objectVersion = 46;
	objects = {

/* Begin PBXBuildFile section */
		37222FAE6B2B077EACCDC9BA /* Pods.framework in Frameworks */ = {isa = PBXBuildFile; fileRef = F3C9BA8AC238AADCF183F667 /* Pods.framework */; };
		A543E3B01D3C3C190049AF2E /* AppDelegate.swift in Sources */ = {isa = PBXBuildFile; fileRef = A543E3AF1D3C3C190049AF2E /* AppDelegate.swift */; };
		A543E3B51D3C3C190049AF2E /* Main.storyboard in Resources */ = {isa = PBXBuildFile; fileRef = A543E3B31D3C3C190049AF2E /* Main.storyboard */; };
		A543E3B81D3C3C190049AF2E /* EnsemblesTesting.xcdatamodeld in Sources */ = {isa = PBXBuildFile; fileRef = A543E3B61D3C3C190049AF2E /* EnsemblesTesting.xcdatamodeld */; };
		A543E3BA1D3C3C190049AF2E /* Assets.xcassets in Resources */ = {isa = PBXBuildFile; fileRef = A543E3B91D3C3C190049AF2E /* Assets.xcassets */; };
		A543E3BD1D3C3C190049AF2E /* LaunchScreen.storyboard in Resources */ = {isa = PBXBuildFile; fileRef = A543E3BB1D3C3C190049AF2E /* LaunchScreen.storyboard */; };
		A543E3C81D3C3C190049AF2E /* EnsemblesTestingTests.swift in Sources */ = {isa = PBXBuildFile; fileRef = A543E3C71D3C3C190049AF2E /* EnsemblesTestingTests.swift */; };
		A543E3D31D3C3C190049AF2E /* EnsemblesTestingUITests.swift in Sources */ = {isa = PBXBuildFile; fileRef = A543E3D21D3C3C190049AF2E /* EnsemblesTestingUITests.swift */; };
		A54D26021D3C417F00DEF19F /* CoreDataTableViewController.swift in Sources */ = {isa = PBXBuildFile; fileRef = A54D26011D3C417F00DEF19F /* CoreDataTableViewController.swift */; };
		A54D26121D3C56CD00DEF19F /* MyRecipesViewController.swift in Sources */ = {isa = PBXBuildFile; fileRef = A54D26111D3C56CD00DEF19F /* MyRecipesViewController.swift */; };
		A554620F1D3C74F8003D9350 /* ___COREDATA_DATAMODELNAME___+CoreDataModel.swift in Sources */ = {isa = PBXBuildFile; fileRef = A554620A1D3C74F8003D9350 /* ___COREDATA_DATAMODELNAME___+CoreDataModel.swift */; };
		A55462101D3C74F8003D9350 /* Ingredient+CoreDataClass.swift in Sources */ = {isa = PBXBuildFile; fileRef = A554620B1D3C74F8003D9350 /* Ingredient+CoreDataClass.swift */; };
		A55462111D3C74F8003D9350 /* Ingredient+CoreDataProperties.swift in Sources */ = {isa = PBXBuildFile; fileRef = A554620C1D3C74F8003D9350 /* Ingredient+CoreDataProperties.swift */; };
		A55462121D3C74F8003D9350 /* Recipe+CoreDataClass.swift in Sources */ = {isa = PBXBuildFile; fileRef = A554620D1D3C74F8003D9350 /* Recipe+CoreDataClass.swift */; };
		A55462131D3C74F8003D9350 /* Recipe+CoreDataProperties.swift in Sources */ = {isa = PBXBuildFile; fileRef = A554620E1D3C74F8003D9350 /* Recipe+CoreDataProperties.swift */; };
/* End PBXBuildFile section */

/* Begin PBXContainerItemProxy section */
		A543E3C41D3C3C190049AF2E /* PBXContainerItemProxy */ = {
			isa = PBXContainerItemProxy;
			containerPortal = A543E3A41D3C3C180049AF2E /* Project object */;
			proxyType = 1;
			remoteGlobalIDString = A543E3AB1D3C3C180049AF2E;
			remoteInfo = EnsemblesTesting;
		};
		A543E3CF1D3C3C190049AF2E /* PBXContainerItemProxy */ = {
			isa = PBXContainerItemProxy;
			containerPortal = A543E3A41D3C3C180049AF2E /* Project object */;
			proxyType = 1;
			remoteGlobalIDString = A543E3AB1D3C3C180049AF2E;
			remoteInfo = EnsemblesTesting;
		};
/* End PBXContainerItemProxy section */

/* Begin PBXFileReference section */
		449A81301CD366542F668060 /* Pods.debug.xcconfig */ = {isa = PBXFileReference; includeInIndex = 1; lastKnownFileType = text.xcconfig; name = Pods.debug.xcconfig; path = "Pods/Target Support Files/Pods/Pods.debug.xcconfig"; sourceTree = "<group>"; };
		6591A2420C93D8D858D74614 /* Pods.release.xcconfig */ = {isa = PBXFileReference; includeInIndex = 1; lastKnownFileType = text.xcconfig; name = Pods.release.xcconfig; path = "Pods/Target Support Files/Pods/Pods.release.xcconfig"; sourceTree = "<group>"; };
		A543E3AC1D3C3C190049AF2E /* EnsemblesTesting.app */ = {isa = PBXFileReference; explicitFileType = wrapper.application; includeInIndex = 0; path = EnsemblesTesting.app; sourceTree = BUILT_PRODUCTS_DIR; };
		A543E3AF1D3C3C190049AF2E /* AppDelegate.swift */ = {isa = PBXFileReference; lastKnownFileType = sourcecode.swift; path = AppDelegate.swift; sourceTree = "<group>"; };
		A543E3B41D3C3C190049AF2E /* Base */ = {isa = PBXFileReference; lastKnownFileType = file.storyboard; name = Base; path = Base.lproj/Main.storyboard; sourceTree = "<group>"; };
		A543E3B71D3C3C190049AF2E /* EnsemblesTesting.xcdatamodel */ = {isa = PBXFileReference; lastKnownFileType = wrapper.xcdatamodel; path = EnsemblesTesting.xcdatamodel; sourceTree = "<group>"; };
		A543E3B91D3C3C190049AF2E /* Assets.xcassets */ = {isa = PBXFileReference; lastKnownFileType = folder.assetcatalog; path = Assets.xcassets; sourceTree = "<group>"; };
		A543E3BC1D3C3C190049AF2E /* Base */ = {isa = PBXFileReference; lastKnownFileType = file.storyboard; name = Base; path = Base.lproj/LaunchScreen.storyboard; sourceTree = "<group>"; };
		A543E3BE1D3C3C190049AF2E /* Info.plist */ = {isa = PBXFileReference; lastKnownFileType = text.plist.xml; path = Info.plist; sourceTree = "<group>"; };
		A543E3C31D3C3C190049AF2E /* EnsemblesTestingTests.xctest */ = {isa = PBXFileReference; explicitFileType = wrapper.cfbundle; includeInIndex = 0; path = EnsemblesTestingTests.xctest; sourceTree = BUILT_PRODUCTS_DIR; };
		A543E3C71D3C3C190049AF2E /* EnsemblesTestingTests.swift */ = {isa = PBXFileReference; lastKnownFileType = sourcecode.swift; path = EnsemblesTestingTests.swift; sourceTree = "<group>"; };
		A543E3C91D3C3C190049AF2E /* Info.plist */ = {isa = PBXFileReference; lastKnownFileType = text.plist.xml; path = Info.plist; sourceTree = "<group>"; };
		A543E3CE1D3C3C190049AF2E /* EnsemblesTestingUITests.xctest */ = {isa = PBXFileReference; explicitFileType = wrapper.cfbundle; includeInIndex = 0; path = EnsemblesTestingUITests.xctest; sourceTree = BUILT_PRODUCTS_DIR; };
		A543E3D21D3C3C190049AF2E /* EnsemblesTestingUITests.swift */ = {isa = PBXFileReference; lastKnownFileType = sourcecode.swift; path = EnsemblesTestingUITests.swift; sourceTree = "<group>"; };
		A543E3D41D3C3C190049AF2E /* Info.plist */ = {isa = PBXFileReference; lastKnownFileType = text.plist.xml; path = Info.plist; sourceTree = "<group>"; };
		A54D26011D3C417F00DEF19F /* CoreDataTableViewController.swift */ = {isa = PBXFileReference; fileEncoding = 4; lastKnownFileType = sourcecode.swift; path = CoreDataTableViewController.swift; sourceTree = "<group>"; };
		A54D26111D3C56CD00DEF19F /* MyRecipesViewController.swift */ = {isa = PBXFileReference; fileEncoding = 4; lastKnownFileType = sourcecode.swift; path = MyRecipesViewController.swift; sourceTree = "<group>"; };
		A55461F01D3C7446003D9350 /* EnsemblesTesting-Bridging-Header.h */ = {isa = PBXFileReference; lastKnownFileType = sourcecode.c.h; path = "EnsemblesTesting-Bridging-Header.h"; sourceTree = "<group>"; };
		A554620A1D3C74F8003D9350 /* ___COREDATA_DATAMODELNAME___+CoreDataModel.swift */ = {isa = PBXFileReference; fileEncoding = 4; lastKnownFileType = sourcecode.swift; path = "___COREDATA_DATAMODELNAME___+CoreDataModel.swift"; sourceTree = "<group>"; };
		A554620B1D3C74F8003D9350 /* Ingredient+CoreDataClass.swift */ = {isa = PBXFileReference; fileEncoding = 4; lastKnownFileType = sourcecode.swift; path = "Ingredient+CoreDataClass.swift"; sourceTree = "<group>"; };
		A554620C1D3C74F8003D9350 /* Ingredient+CoreDataProperties.swift */ = {isa = PBXFileReference; fileEncoding = 4; lastKnownFileType = sourcecode.swift; path = "Ingredient+CoreDataProperties.swift"; sourceTree = "<group>"; };
		A554620D1D3C74F8003D9350 /* Recipe+CoreDataClass.swift */ = {isa = PBXFileReference; fileEncoding = 4; lastKnownFileType = sourcecode.swift; path = "Recipe+CoreDataClass.swift"; sourceTree = "<group>"; };
		A554620E1D3C74F8003D9350 /* Recipe+CoreDataProperties.swift */ = {isa = PBXFileReference; fileEncoding = 4; lastKnownFileType = sourcecode.swift; path = "Recipe+CoreDataProperties.swift"; sourceTree = "<group>"; };
		F3C9BA8AC238AADCF183F667 /* Pods.framework */ = {isa = PBXFileReference; explicitFileType = wrapper.framework; includeInIndex = 0; path = Pods.framework; sourceTree = BUILT_PRODUCTS_DIR; };
/* End PBXFileReference section */

/* Begin PBXFrameworksBuildPhase section */
		A543E3A91D3C3C180049AF2E /* Frameworks */ = {
			isa = PBXFrameworksBuildPhase;
			buildActionMask = 2147483647;
			files = (
				37222FAE6B2B077EACCDC9BA /* Pods.framework in Frameworks */,
			);
			runOnlyForDeploymentPostprocessing = 0;
		};
		A543E3C01D3C3C190049AF2E /* Frameworks */ = {
			isa = PBXFrameworksBuildPhase;
			buildActionMask = 2147483647;
			files = (
			);
			runOnlyForDeploymentPostprocessing = 0;
		};
		A543E3CB1D3C3C190049AF2E /* Frameworks */ = {
			isa = PBXFrameworksBuildPhase;
			buildActionMask = 2147483647;
			files = (
			);
			runOnlyForDeploymentPostprocessing = 0;
		};
/* End PBXFrameworksBuildPhase section */

/* Begin PBXGroup section */
		21F5A815B4CECBA0B78BD0B2 /* Pods */ = {
			isa = PBXGroup;
			children = (
				449A81301CD366542F668060 /* Pods.debug.xcconfig */,
				6591A2420C93D8D858D74614 /* Pods.release.xcconfig */,
			);
			name = Pods;
			sourceTree = "<group>";
		};
		A543E3A31D3C3C180049AF2E = {
			isa = PBXGroup;
			children = (
				A543E3AE1D3C3C190049AF2E /* EnsemblesTesting */,
				A543E3C61D3C3C190049AF2E /* EnsemblesTestingTests */,
				A543E3D11D3C3C190049AF2E /* EnsemblesTestingUITests */,
				A543E3AD1D3C3C190049AF2E /* Products */,
				21F5A815B4CECBA0B78BD0B2 /* Pods */,
				D5B8A4B6C217E3E710D7B46F /* Frameworks */,
			);
			sourceTree = "<group>";
		};
		A543E3AD1D3C3C190049AF2E /* Products */ = {
			isa = PBXGroup;
			children = (
				A543E3AC1D3C3C190049AF2E /* EnsemblesTesting.app */,
				A543E3C31D3C3C190049AF2E /* EnsemblesTestingTests.xctest */,
				A543E3CE1D3C3C190049AF2E /* EnsemblesTestingUITests.xctest */,
			);
			name = Products;
			sourceTree = "<group>";
		};
		A543E3AE1D3C3C190049AF2E /* EnsemblesTesting */ = {
			isa = PBXGroup;
			children = (
				A54D26101D3C43A300DEF19F /* Model */,
				A54D260F1D3C438D00DEF19F /* Controller */,
				A543E3B31D3C3C190049AF2E /* Main.storyboard */,
				A54D26011D3C417F00DEF19F /* CoreDataTableViewController.swift */,
				A54D260E1D3C434500DEF19F /* Supporting Files */,
			);
			path = EnsemblesTesting;
			sourceTree = "<group>";
		};
		A543E3C61D3C3C190049AF2E /* EnsemblesTestingTests */ = {
			isa = PBXGroup;
			children = (
				A543E3C71D3C3C190049AF2E /* EnsemblesTestingTests.swift */,
				A543E3C91D3C3C190049AF2E /* Info.plist */,
			);
			path = EnsemblesTestingTests;
			sourceTree = "<group>";
		};
		A543E3D11D3C3C190049AF2E /* EnsemblesTestingUITests */ = {
			isa = PBXGroup;
			children = (
				A543E3D21D3C3C190049AF2E /* EnsemblesTestingUITests.swift */,
				A543E3D41D3C3C190049AF2E /* Info.plist */,
			);
			path = EnsemblesTestingUITests;
			sourceTree = "<group>";
		};
		A54D260D1D3C432C00DEF19F /* Core Data Model */ = {
			isa = PBXGroup;
			children = (
				A554620A1D3C74F8003D9350 /* ___COREDATA_DATAMODELNAME___+CoreDataModel.swift */,
				A554620B1D3C74F8003D9350 /* Ingredient+CoreDataClass.swift */,
				A554620C1D3C74F8003D9350 /* Ingredient+CoreDataProperties.swift */,
				A554620D1D3C74F8003D9350 /* Recipe+CoreDataClass.swift */,
				A554620E1D3C74F8003D9350 /* Recipe+CoreDataProperties.swift */,
				A543E3B61D3C3C190049AF2E /* EnsemblesTesting.xcdatamodeld */,
			);
			name = "Core Data Model";
			sourceTree = "<group>";
		};
		A54D260E1D3C434500DEF19F /* Supporting Files */ = {
			isa = PBXGroup;
			children = (
				A55461F01D3C7446003D9350 /* EnsemblesTesting-Bridging-Header.h */,
				A543E3B91D3C3C190049AF2E /* Assets.xcassets */,
				A543E3BB1D3C3C190049AF2E /* LaunchScreen.storyboard */,
				A543E3BE1D3C3C190049AF2E /* Info.plist */,
			);
			name = "Supporting Files";
			sourceTree = "<group>";
		};
		A54D260F1D3C438D00DEF19F /* Controller */ = {
			isa = PBXGroup;
			children = (
				A543E3AF1D3C3C190049AF2E /* AppDelegate.swift */,
				A54D26111D3C56CD00DEF19F /* MyRecipesViewController.swift */,
			);
			name = Controller;
			sourceTree = "<group>";
		};
		A54D26101D3C43A300DEF19F /* Model */ = {
			isa = PBXGroup;
			children = (
				A54D260D1D3C432C00DEF19F /* Core Data Model */,
			);
			name = Model;
			sourceTree = "<group>";
		};
		D5B8A4B6C217E3E710D7B46F /* Frameworks */ = {
			isa = PBXGroup;
			children = (
				F3C9BA8AC238AADCF183F667 /* Pods.framework */,
			);
			name = Frameworks;
			sourceTree = "<group>";
		};
/* End PBXGroup section */

/* Begin PBXNativeTarget section */
		A543E3AB1D3C3C180049AF2E /* EnsemblesTesting */ = {
			isa = PBXNativeTarget;
			buildConfigurationList = A543E3D71D3C3C190049AF2E /* Build configuration list for PBXNativeTarget "EnsemblesTesting" */;
			buildPhases = (
				34F532AAB3AD0B2EE676E46F /* Check Pods Manifest.lock */,
				A543E3A81D3C3C180049AF2E /* Sources */,
				A543E3A91D3C3C180049AF2E /* Frameworks */,
				A543E3AA1D3C3C180049AF2E /* Resources */,
				C580CF818426B45241E6C82C /* Embed Pods Frameworks */,
				0891E8726D1F04562DBE843F /* Copy Pods Resources */,
			);
			buildRules = (
			);
			dependencies = (
			);
			name = EnsemblesTesting;
			productName = EnsemblesTesting;
			productReference = A543E3AC1D3C3C190049AF2E /* EnsemblesTesting.app */;
			productType = "com.apple.product-type.application";
		};
		A543E3C21D3C3C190049AF2E /* EnsemblesTestingTests */ = {
			isa = PBXNativeTarget;
			buildConfigurationList = A543E3DA1D3C3C190049AF2E /* Build configuration list for PBXNativeTarget "EnsemblesTestingTests" */;
			buildPhases = (
				A543E3BF1D3C3C190049AF2E /* Sources */,
				A543E3C01D3C3C190049AF2E /* Frameworks */,
				A543E3C11D3C3C190049AF2E /* Resources */,
			);
			buildRules = (
			);
			dependencies = (
				A543E3C51D3C3C190049AF2E /* PBXTargetDependency */,
			);
			name = EnsemblesTestingTests;
			productName = EnsemblesTestingTests;
			productReference = A543E3C31D3C3C190049AF2E /* EnsemblesTestingTests.xctest */;
			productType = "com.apple.product-type.bundle.unit-test";
		};
		A543E3CD1D3C3C190049AF2E /* EnsemblesTestingUITests */ = {
			isa = PBXNativeTarget;
			buildConfigurationList = A543E3DD1D3C3C190049AF2E /* Build configuration list for PBXNativeTarget "EnsemblesTestingUITests" */;
			buildPhases = (
				A543E3CA1D3C3C190049AF2E /* Sources */,
				A543E3CB1D3C3C190049AF2E /* Frameworks */,
				A543E3CC1D3C3C190049AF2E /* Resources */,
			);
			buildRules = (
			);
			dependencies = (
				A543E3D01D3C3C190049AF2E /* PBXTargetDependency */,
			);
			name = EnsemblesTestingUITests;
			productName = EnsemblesTestingUITests;
			productReference = A543E3CE1D3C3C190049AF2E /* EnsemblesTestingUITests.xctest */;
			productType = "com.apple.product-type.bundle.ui-testing";
		};
/* End PBXNativeTarget section */

/* Begin PBXProject section */
		A543E3A41D3C3C180049AF2E /* Project object */ = {
			isa = PBXProject;
			attributes = {
				LastSwiftUpdateCheck = 0800;
				LastUpgradeCheck = 0800;
				ORGANIZATIONNAME = "Bliss Chapman";
				TargetAttributes = {
					A543E3AB1D3C3C180049AF2E = {
						CreatedOnToolsVersion = 8.0;
						DevelopmentTeam = L8K73YJEJ9;
						DevelopmentTeamName = "Bliss Chapman (Personal Team)";
						LastSwiftMigration = 0800;
						ProvisioningStyle = Automatic;
					};
					A543E3C21D3C3C190049AF2E = {
						CreatedOnToolsVersion = 8.0;
						DevelopmentTeam = L8K73YJEJ9;
						DevelopmentTeamName = "Bliss Chapman (Personal Team)";
						ProvisioningStyle = Automatic;
						TestTargetID = A543E3AB1D3C3C180049AF2E;
					};
					A543E3CD1D3C3C190049AF2E = {
						CreatedOnToolsVersion = 8.0;
						DevelopmentTeam = L8K73YJEJ9;
						DevelopmentTeamName = "Bliss Chapman (Personal Team)";
						ProvisioningStyle = Automatic;
						TestTargetID = A543E3AB1D3C3C180049AF2E;
					};
				};
			};
			buildConfigurationList = A543E3A71D3C3C180049AF2E /* Build configuration list for PBXProject "EnsemblesTesting" */;
			compatibilityVersion = "Xcode 3.2";
			developmentRegion = English;
			hasScannedForEncodings = 0;
			knownRegions = (
				en,
				Base,
			);
			mainGroup = A543E3A31D3C3C180049AF2E;
			productRefGroup = A543E3AD1D3C3C190049AF2E /* Products */;
			projectDirPath = "";
			projectRoot = "";
			targets = (
				A543E3AB1D3C3C180049AF2E /* EnsemblesTesting */,
				A543E3C21D3C3C190049AF2E /* EnsemblesTestingTests */,
				A543E3CD1D3C3C190049AF2E /* EnsemblesTestingUITests */,
			);
		};
/* End PBXProject section */

/* Begin PBXResourcesBuildPhase section */
		A543E3AA1D3C3C180049AF2E /* Resources */ = {
			isa = PBXResourcesBuildPhase;
			buildActionMask = 2147483647;
			files = (
				A543E3BD1D3C3C190049AF2E /* LaunchScreen.storyboard in Resources */,
				A543E3BA1D3C3C190049AF2E /* Assets.xcassets in Resources */,
				A543E3B51D3C3C190049AF2E /* Main.storyboard in Resources */,
			);
			runOnlyForDeploymentPostprocessing = 0;
		};
		A543E3C11D3C3C190049AF2E /* Resources */ = {
			isa = PBXResourcesBuildPhase;
			buildActionMask = 2147483647;
			files = (
			);
			runOnlyForDeploymentPostprocessing = 0;
		};
		A543E3CC1D3C3C190049AF2E /* Resources */ = {
			isa = PBXResourcesBuildPhase;
			buildActionMask = 2147483647;
			files = (
			);
			runOnlyForDeploymentPostprocessing = 0;
		};
/* End PBXResourcesBuildPhase section */

/* Begin PBXShellScriptBuildPhase section */
		0891E8726D1F04562DBE843F /* Copy Pods Resources */ = {
			isa = PBXShellScriptBuildPhase;
			buildActionMask = 2147483647;
			files = (
			);
			inputPaths = (
			);
			name = "Copy Pods Resources";
			outputPaths = (
			);
			runOnlyForDeploymentPostprocessing = 0;
			shellPath = /bin/sh;
			shellScript = "\"${SRCROOT}/Pods/Target Support Files/Pods/Pods-resources.sh\"\n";
			showEnvVarsInLog = 0;
		};
		34F532AAB3AD0B2EE676E46F /* Check Pods Manifest.lock */ = {
			isa = PBXShellScriptBuildPhase;
			buildActionMask = 2147483647;
			files = (
			);
			inputPaths = (
			);
			name = "Check Pods Manifest.lock";
			outputPaths = (
			);
			runOnlyForDeploymentPostprocessing = 0;
			shellPath = /bin/sh;
			shellScript = "diff \"${PODS_ROOT}/../Podfile.lock\" \"${PODS_ROOT}/Manifest.lock\" > /dev/null\nif [[ $? != 0 ]] ; then\n    cat << EOM\nerror: The sandbox is not in sync with the Podfile.lock. Run 'pod install' or update your CocoaPods installation.\nEOM\n    exit 1\nfi\n";
			showEnvVarsInLog = 0;
		};
		C580CF818426B45241E6C82C /* Embed Pods Frameworks */ = {
			isa = PBXShellScriptBuildPhase;
			buildActionMask = 2147483647;
			files = (
			);
			inputPaths = (
			);
			name = "Embed Pods Frameworks";
			outputPaths = (
			);
			runOnlyForDeploymentPostprocessing = 0;
			shellPath = /bin/sh;
			shellScript = "\"${SRCROOT}/Pods/Target Support Files/Pods/Pods-frameworks.sh\"\n";
			showEnvVarsInLog = 0;
		};
/* End PBXShellScriptBuildPhase section */

/* Begin PBXSourcesBuildPhase section */
		A543E3A81D3C3C180049AF2E /* Sources */ = {
			isa = PBXSourcesBuildPhase;
			buildActionMask = 2147483647;
			files = (
				A554620F1D3C74F8003D9350 /* ___COREDATA_DATAMODELNAME___+CoreDataModel.swift in Sources */,
				A55462121D3C74F8003D9350 /* Recipe+CoreDataClass.swift in Sources */,
				A55462111D3C74F8003D9350 /* Ingredient+CoreDataProperties.swift in Sources */,
				A55462131D3C74F8003D9350 /* Recipe+CoreDataProperties.swift in Sources */,
				A543E3B81D3C3C190049AF2E /* EnsemblesTesting.xcdatamodeld in Sources */,
				A54D26021D3C417F00DEF19F /* CoreDataTableViewController.swift in Sources */,
				A543E3B01D3C3C190049AF2E /* AppDelegate.swift in Sources */,
				A55462101D3C74F8003D9350 /* Ingredient+CoreDataClass.swift in Sources */,
				A54D26121D3C56CD00DEF19F /* MyRecipesViewController.swift in Sources */,
			);
			runOnlyForDeploymentPostprocessing = 0;
		};
		A543E3BF1D3C3C190049AF2E /* Sources */ = {
			isa = PBXSourcesBuildPhase;
			buildActionMask = 2147483647;
			files = (
				A543E3C81D3C3C190049AF2E /* EnsemblesTestingTests.swift in Sources */,
			);
			runOnlyForDeploymentPostprocessing = 0;
		};
		A543E3CA1D3C3C190049AF2E /* Sources */ = {
			isa = PBXSourcesBuildPhase;
			buildActionMask = 2147483647;
			files = (
				A543E3D31D3C3C190049AF2E /* EnsemblesTestingUITests.swift in Sources */,
			);
			runOnlyForDeploymentPostprocessing = 0;
		};
/* End PBXSourcesBuildPhase section */

/* Begin PBXTargetDependency section */
		A543E3C51D3C3C190049AF2E /* PBXTargetDependency */ = {
			isa = PBXTargetDependency;
			target = A543E3AB1D3C3C180049AF2E /* EnsemblesTesting */;
			targetProxy = A543E3C41D3C3C190049AF2E /* PBXContainerItemProxy */;
		};
		A543E3D01D3C3C190049AF2E /* PBXTargetDependency */ = {
			isa = PBXTargetDependency;
			target = A543E3AB1D3C3C180049AF2E /* EnsemblesTesting */;
			targetProxy = A543E3CF1D3C3C190049AF2E /* PBXContainerItemProxy */;
		};
/* End PBXTargetDependency section */

/* Begin PBXVariantGroup section */
		A543E3B31D3C3C190049AF2E /* Main.storyboard */ = {
			isa = PBXVariantGroup;
			children = (
				A543E3B41D3C3C190049AF2E /* Base */,
			);
			name = Main.storyboard;
			sourceTree = "<group>";
		};
		A543E3BB1D3C3C190049AF2E /* LaunchScreen.storyboard */ = {
			isa = PBXVariantGroup;
			children = (
				A543E3BC1D3C3C190049AF2E /* Base */,
			);
			name = LaunchScreen.storyboard;
			sourceTree = "<group>";
		};
/* End PBXVariantGroup section */

/* Begin XCBuildConfiguration section */
		A543E3D51D3C3C190049AF2E /* Debug */ = {
			isa = XCBuildConfiguration;
			buildSettings = {
				ALWAYS_SEARCH_USER_PATHS = NO;
				CLANG_ANALYZER_NONNULL = YES;
				CLANG_CXX_LANGUAGE_STANDARD = "gnu++0x";
				CLANG_CXX_LIBRARY = "libc++";
				CLANG_ENABLE_MODULES = YES;
				CLANG_ENABLE_OBJC_ARC = YES;
				CLANG_WARN_BOOL_CONVERSION = YES;
				CLANG_WARN_CONSTANT_CONVERSION = YES;
				CLANG_WARN_DIRECT_OBJC_ISA_USAGE = YES_ERROR;
				CLANG_WARN_DOCUMENTATION_COMMENTS = YES;
				CLANG_WARN_EMPTY_BODY = YES;
				CLANG_WARN_ENUM_CONVERSION = YES;
				CLANG_WARN_INT_CONVERSION = YES;
				CLANG_WARN_OBJC_ROOT_CLASS = YES_ERROR;
				CLANG_WARN_UNREACHABLE_CODE = YES;
				CLANG_WARN__DUPLICATE_METHOD_MATCH = YES;
				"CODE_SIGN_IDENTITY[sdk=iphoneos*]" = "iPhone Developer";
				COPY_PHASE_STRIP = NO;
				DEBUG_INFORMATION_FORMAT = dwarf;
				ENABLE_STRICT_OBJC_MSGSEND = YES;
				ENABLE_TESTABILITY = YES;
				GCC_C_LANGUAGE_STANDARD = gnu99;
				GCC_DYNAMIC_NO_PIC = NO;
				GCC_NO_COMMON_BLOCKS = YES;
				GCC_OPTIMIZATION_LEVEL = 0;
				GCC_PREPROCESSOR_DEFINITIONS = (
					"DEBUG=1",
					"$(inherited)",
				);
				GCC_WARN_64_TO_32_BIT_CONVERSION = YES;
				GCC_WARN_ABOUT_RETURN_TYPE = YES_ERROR;
				GCC_WARN_UNDECLARED_SELECTOR = YES;
				GCC_WARN_UNINITIALIZED_AUTOS = YES_AGGRESSIVE;
				GCC_WARN_UNUSED_FUNCTION = YES;
				GCC_WARN_UNUSED_VARIABLE = YES;
				IPHONEOS_DEPLOYMENT_TARGET = 10.0;
				MTL_ENABLE_DEBUG_INFO = YES;
				ONLY_ACTIVE_ARCH = YES;
				SDKROOT = iphoneos;
				SWIFT_ACTIVE_COMPILATION_CONDITIONS = DEBUG;
				SWIFT_OPTIMIZATION_LEVEL = "-Onone";
				TARGETED_DEVICE_FAMILY = "1,2";
			};
			name = Debug;
		};
		A543E3D61D3C3C190049AF2E /* Release */ = {
			isa = XCBuildConfiguration;
			buildSettings = {
				ALWAYS_SEARCH_USER_PATHS = NO;
				CLANG_ANALYZER_NONNULL = YES;
				CLANG_CXX_LANGUAGE_STANDARD = "gnu++0x";
				CLANG_CXX_LIBRARY = "libc++";
				CLANG_ENABLE_MODULES = YES;
				CLANG_ENABLE_OBJC_ARC = YES;
				CLANG_WARN_BOOL_CONVERSION = YES;
				CLANG_WARN_CONSTANT_CONVERSION = YES;
				CLANG_WARN_DIRECT_OBJC_ISA_USAGE = YES_ERROR;
				CLANG_WARN_DOCUMENTATION_COMMENTS = YES;
				CLANG_WARN_EMPTY_BODY = YES;
				CLANG_WARN_ENUM_CONVERSION = YES;
				CLANG_WARN_INT_CONVERSION = YES;
				CLANG_WARN_OBJC_ROOT_CLASS = YES_ERROR;
				CLANG_WARN_UNREACHABLE_CODE = YES;
				CLANG_WARN__DUPLICATE_METHOD_MATCH = YES;
				"CODE_SIGN_IDENTITY[sdk=iphoneos*]" = "iPhone Developer";
				COPY_PHASE_STRIP = NO;
				DEBUG_INFORMATION_FORMAT = "dwarf-with-dsym";
				ENABLE_NS_ASSERTIONS = NO;
				ENABLE_STRICT_OBJC_MSGSEND = YES;
				GCC_C_LANGUAGE_STANDARD = gnu99;
				GCC_NO_COMMON_BLOCKS = YES;
				GCC_WARN_64_TO_32_BIT_CONVERSION = YES;
				GCC_WARN_ABOUT_RETURN_TYPE = YES_ERROR;
				GCC_WARN_UNDECLARED_SELECTOR = YES;
				GCC_WARN_UNINITIALIZED_AUTOS = YES_AGGRESSIVE;
				GCC_WARN_UNUSED_FUNCTION = YES;
				GCC_WARN_UNUSED_VARIABLE = YES;
				IPHONEOS_DEPLOYMENT_TARGET = 10.0;
				MTL_ENABLE_DEBUG_INFO = NO;
				SDKROOT = iphoneos;
				SWIFT_OPTIMIZATION_LEVEL = "-Owholemodule";
				TARGETED_DEVICE_FAMILY = "1,2";
				VALIDATE_PRODUCT = YES;
			};
			name = Release;
		};
		A543E3D81D3C3C190049AF2E /* Debug */ = {
			isa = XCBuildConfiguration;
			baseConfigurationReference = 449A81301CD366542F668060 /* Pods.debug.xcconfig */;
			buildSettings = {
				ASSETCATALOG_COMPILER_APPICON_NAME = AppIcon;
				CLANG_ENABLE_MODULES = YES;
				INFOPLIST_FILE = EnsemblesTesting/Info.plist;
				LD_RUNPATH_SEARCH_PATHS = "$(inherited) @executable_path/Frameworks";
				PRODUCT_BUNDLE_IDENTIFIER = com.blissChapman.EnsemblesTesting;
				PRODUCT_NAME = "$(TARGET_NAME)";
				SWIFT_OBJC_BRIDGING_HEADER = "EnsemblesTesting/EnsemblesTesting-Bridging-Header.h";
				SWIFT_OPTIMIZATION_LEVEL = "-Onone";
				SWIFT_VERSION = 3.0;
			};
			name = Debug;
		};
		A543E3D91D3C3C190049AF2E /* Release */ = {
			isa = XCBuildConfiguration;
			baseConfigurationReference = 6591A2420C93D8D858D74614 /* Pods.release.xcconfig */;
			buildSettings = {
				ASSETCATALOG_COMPILER_APPICON_NAME = AppIcon;
				CLANG_ENABLE_MODULES = YES;
				INFOPLIST_FILE = EnsemblesTesting/Info.plist;
				LD_RUNPATH_SEARCH_PATHS = "$(inherited) @executable_path/Frameworks";
				PRODUCT_BUNDLE_IDENTIFIER = com.blissChapman.EnsemblesTesting;
				PRODUCT_NAME = "$(TARGET_NAME)";
				SWIFT_OBJC_BRIDGING_HEADER = "EnsemblesTesting/EnsemblesTesting-Bridging-Header.h";
				SWIFT_VERSION = 3.0;
			};
			name = Release;
		};
		A543E3DB1D3C3C190049AF2E /* Debug */ = {
			isa = XCBuildConfiguration;
			buildSettings = {
				BUNDLE_LOADER = "$(TEST_HOST)";
				INFOPLIST_FILE = EnsemblesTestingTests/Info.plist;
				LD_RUNPATH_SEARCH_PATHS = "$(inherited) @executable_path/Frameworks @loader_path/Frameworks";
				PRODUCT_BUNDLE_IDENTIFIER = com.blissChapman.EnsemblesTestingTests;
				PRODUCT_NAME = "$(TARGET_NAME)";
				SWIFT_VERSION = 3.0;
				TEST_HOST = "$(BUILT_PRODUCTS_DIR)/EnsemblesTesting.app/EnsemblesTesting";
			};
			name = Debug;
		};
		A543E3DC1D3C3C190049AF2E /* Release */ = {
			isa = XCBuildConfiguration;
			buildSettings = {
				BUNDLE_LOADER = "$(TEST_HOST)";
				INFOPLIST_FILE = EnsemblesTestingTests/Info.plist;
				LD_RUNPATH_SEARCH_PATHS = "$(inherited) @executable_path/Frameworks @loader_path/Frameworks";
				PRODUCT_BUNDLE_IDENTIFIER = com.blissChapman.EnsemblesTestingTests;
				PRODUCT_NAME = "$(TARGET_NAME)";
				SWIFT_VERSION = 3.0;
				TEST_HOST = "$(BUILT_PRODUCTS_DIR)/EnsemblesTesting.app/EnsemblesTesting";
			};
			name = Release;
		};
		A543E3DE1D3C3C190049AF2E /* Debug */ = {
			isa = XCBuildConfiguration;
			buildSettings = {
				INFOPLIST_FILE = EnsemblesTestingUITests/Info.plist;
				LD_RUNPATH_SEARCH_PATHS = "$(inherited) @executable_path/Frameworks @loader_path/Frameworks";
				PRODUCT_BUNDLE_IDENTIFIER = com.blissChapman.EnsemblesTestingUITests;
				PRODUCT_NAME = "$(TARGET_NAME)";
				SWIFT_VERSION = 3.0;
				TEST_TARGET_NAME = EnsemblesTesting;
			};
			name = Debug;
		};
		A543E3DF1D3C3C190049AF2E /* Release */ = {
			isa = XCBuildConfiguration;
			buildSettings = {
				INFOPLIST_FILE = EnsemblesTestingUITests/Info.plist;
				LD_RUNPATH_SEARCH_PATHS = "$(inherited) @executable_path/Frameworks @loader_path/Frameworks";
				PRODUCT_BUNDLE_IDENTIFIER = com.blissChapman.EnsemblesTestingUITests;
				PRODUCT_NAME = "$(TARGET_NAME)";
				SWIFT_VERSION = 3.0;
				TEST_TARGET_NAME = EnsemblesTesting;
			};
			name = Release;
		};
/* End XCBuildConfiguration section */

/* Begin XCConfigurationList section */
		A543E3A71D3C3C180049AF2E /* Build configuration list for PBXProject "EnsemblesTesting" */ = {
			isa = XCConfigurationList;
			buildConfigurations = (
				A543E3D51D3C3C190049AF2E /* Debug */,
				A543E3D61D3C3C190049AF2E /* Release */,
			);
			defaultConfigurationIsVisible = 0;
			defaultConfigurationName = Release;
		};
		A543E3D71D3C3C190049AF2E /* Build configuration list for PBXNativeTarget "EnsemblesTesting" */ = {
			isa = XCConfigurationList;
			buildConfigurations = (
				A543E3D81D3C3C190049AF2E /* Debug */,
				A543E3D91D3C3C190049AF2E /* Release */,
			);
			defaultConfigurationIsVisible = 0;
			defaultConfigurationName = Release;
		};
		A543E3DA1D3C3C190049AF2E /* Build configuration list for PBXNativeTarget "EnsemblesTestingTests" */ = {
			isa = XCConfigurationList;
			buildConfigurations = (
				A543E3DB1D3C3C190049AF2E /* Debug */,
				A543E3DC1D3C3C190049AF2E /* Release */,
			);
			defaultConfigurationIsVisible = 0;
			defaultConfigurationName = Release;
		};
		A543E3DD1D3C3C190049AF2E /* Build configuration list for PBXNativeTarget "EnsemblesTestingUITests" */ = {
			isa = XCConfigurationList;
			buildConfigurations = (
				A543E3DE1D3C3C190049AF2E /* Debug */,
				A543E3DF1D3C3C190049AF2E /* Release */,
			);
			defaultConfigurationIsVisible = 0;
			defaultConfigurationName = Release;
		};
/* End XCConfigurationList section */

/* Begin XCVersionGroup section */
		A543E3B61D3C3C190049AF2E /* EnsemblesTesting.xcdatamodeld */ = {
			isa = XCVersionGroup;
			children = (
				A543E3B71D3C3C190049AF2E /* EnsemblesTesting.xcdatamodel */,
			);
			currentVersion = A543E3B71D3C3C190049AF2E /* EnsemblesTesting.xcdatamodel */;
			path = EnsemblesTesting.xcdatamodeld;
			sourceTree = "<group>";
			versionGroupType = wrapper.xcdatamodel;
		};
/* End XCVersionGroup section */
	};
	rootObject = A543E3A41D3C3C180049AF2E /* Project object */;
}
